
Microsoft Visual Studio Solution File, Format Version 12.00
# Visual Studio Version 16
VisualStudioVersion = 16.0.31702.278
MinimumVisualStudioVersion = 10.0.40219.1
Project("{FAE04EC0-301F-11D3-BF4B-00C04F79EFBC}") = "Massive_zad3", "Massive_zad3\Massive_zad3.csproj", "{2AAA8D8A-0553-4BB1-ADF8-BAECAB98DFCA}"
EndProject
Global
	GlobalSection(SolutionConfigurationPlatforms) = preSolution
		Debug|Any CPU = Debug|Any CPU
		Release|Any CPU = Release|Any CPU
	EndGlobalSection
	GlobalSection(ProjectConfigurationPlatforms) = postSolution
		{2AAA8D8A-0553-4BB1-ADF8-BAECAB98DFCA}.Debug|Any CPU.ActiveCfg = Debug|Any CPU
		{2AAA8D8A-0553-4BB1-ADF8-BAECAB98DFCA}.Debug|Any CPU.Build.0 = Debug|Any CPU
		{2AAA8D8A-0553-4BB1-ADF8-BAECAB98DFCA}.Release|Any CPU.ActiveCfg = Release|Any CPU
		{2AAA8D8A-0553-4BB1-ADF8-BAECAB98DFCA}.Release|Any CPU.Build.0 = Release|Any CPU
	EndGlobalSection
	GlobalSection(SolutionProperties) = preSolution
		HideSolutionNode = FALSE
	EndGlobalSection
	GlobalSection(ExtensibilityGlobals) = postSolution
		SolutionGuid = {36FF4022-FE86-4182-A2EA-23A91EFF59E6}
	EndGlobalSection
EndGlobal
